Microsoft Visual Studio Solution File, Format Version 11.00
# Visual Studio 2008

Project("{F3909BF5-08EF-7231-EA76-352896EB94D1}") = "RpcLegacyNetworkTest", "Assembly-CSharp.csproj", "{D3ED793E-4AD3-CAB1-E58C-65E1312AE57F}"
EndProject
Project("{F3909BF5-08EF-7231-EA76-352896EB94D1}") = "RpcLegacyNetworkTest", "Assembly-CSharp-Editor.csproj", "{69AF7294-5FE8-62D0-3525-FA0593A16687}"
EndProject
Global
	GlobalSection(SolutionConfigurationPlatforms) = preSolution
		Debug|Any CPU = Debug|Any CPU
		Release|Any CPU = Release|Any CPU
	EndGlobalSection
	GlobalSection(ProjectConfigurationPlatforms) = postSolution
		{D3ED793E-4AD3-CAB1-E58C-65E1312AE57F}.Debug|Any CPU.ActiveCfg = Debug|Any CPU
		{D3ED793E-4AD3-CAB1-E58C-65E1312AE57F}.Debug|Any CPU.Build.0 = Debug|Any CPU
		{D3ED793E-4AD3-CAB1-E58C-65E1312AE57F}.Release|Any CPU.ActiveCfg = Release|Any CPU
		{D3ED793E-4AD3-CAB1-E58C-65E1312AE57F}.Release|Any CPU.Build.0 = Release|Any CPU
		{69AF7294-5FE8-62D0-3525-FA0593A16687}.Debug|Any CPU.ActiveCfg = Debug|Any CPU
		{69AF7294-5FE8-62D0-3525-FA0593A16687}.Debug|Any CPU.Build.0 = Debug|Any CPU
		{69AF7294-5FE8-62D0-3525-FA0593A16687}.Release|Any CPU.ActiveCfg = Release|Any CPU
		{69AF7294-5FE8-62D0-3525-FA0593A16687}.Release|Any CPU.Build.0 = Release|Any CPU
	EndGlobalSection
	GlobalSection(SolutionProperties) = preSolution
		HideSolutionNode = FALSE
	EndGlobalSection
	GlobalSection(MonoDevelopProperties) = preSolution
		StartupItem = Assembly-CSharp.csproj
	EndGlobalSection
EndGlobal
